
Microsoft Visual Studio Solution File, Format Version 12.00
# Visual Studio Version 17
VisualStudioVersion = 17.8.34525.116
MinimumVisualStudioVersion = 10.0.40219.1
Project("{FAE04EC0-301F-11D3-BF4B-00C04F79EFBC}") = "diplomrestart", "diplomrestart\diplomrestart.csproj", "{A9EA9D79-0395-4B46-8159-9BC925AA3ACF}"
EndProject
Global
	GlobalSection(SolutionConfigurationPlatforms) = preSolution
		Debug|Any CPU = Debug|Any CPU
		Release|Any CPU = Release|Any CPU
	EndGlobalSection
	GlobalSection(ProjectConfigurationPlatforms) = postSolution
		{A9EA9D79-0395-4B46-8159-9BC925AA3ACF}.Debug|Any CPU.ActiveCfg = Debug|Any CPU
		{A9EA9D79-0395-4B46-8159-9BC925AA3ACF}.Debug|Any CPU.Build.0 = Debug|Any CPU
		{A9EA9D79-0395-4B46-8159-9BC925AA3ACF}.Release|Any CPU.ActiveCfg = Release|Any CPU
		{A9EA9D79-0395-4B46-8159-9BC925AA3ACF}.Release|Any CPU.Build.0 = Release|Any CPU
	EndGlobalSection
	GlobalSection(SolutionProperties) = preSolution
		HideSolutionNode = FALSE
	EndGlobalSection
	GlobalSection(ExtensibilityGlobals) = postSolution
		SolutionGuid = {F0691C3A-AAE3-4C2A-8A6F-12617851845B}
	EndGlobalSection
EndGlobal
